
Microsoft Visual Studio Solution File, Format Version 12.00
# Visual Studio Version 16
VisualStudioVersion = 16.0.29609.76
MinimumVisualStudioVersion = 10.0.40219.1
Project("{FAE04EC0-301F-11D3-BF4B-00C04F79EFBC}") = "DiscordBotAnnaJellyFish", "DiscordBotAnnaJellyFish\DiscordBotAnnaJellyFish.csproj", "{253E0ED6-DA24-43F6-865C-623DDDD9693E}"
EndProject
Global
	GlobalSection(SolutionConfigurationPlatforms) = preSolution
		Debug|Any CPU = Debug|Any CPU
		Release|Any CPU = Release|Any CPU
	EndGlobalSection
	GlobalSection(ProjectConfigurationPlatforms) = postSolution
		{253E0ED6-DA24-43F6-865C-623DDDD9693E}.Debug|Any CPU.ActiveCfg = Debug|Any CPU
		{253E0ED6-DA24-43F6-865C-623DDDD9693E}.Debug|Any CPU.Build.0 = Debug|Any CPU
		{253E0ED6-DA24-43F6-865C-623DDDD9693E}.Release|Any CPU.ActiveCfg = Release|Any CPU
		{253E0ED6-DA24-43F6-865C-623DDDD9693E}.Release|Any CPU.Build.0 = Release|Any CPU
	EndGlobalSection
	GlobalSection(SolutionProperties) = preSolution
		HideSolutionNode = FALSE
	EndGlobalSection
	GlobalSection(ExtensibilityGlobals) = postSolution
		SolutionGuid = {3EB3C24C-401E-4CB0-9C97-29119DB6E09F}
	EndGlobalSection
EndGlobal
